// !$*UTF8*$!
{
	archiveVersion = 1;
	classes = {
	};
	objectVersion = 46;
	objects = {

/* Begin PBXBuildFile section */
		B204DC751CAC7E5B004EEAE7 /* Launch Screen.storyboard in Resources */ = {isa = PBXBuildFile; fileRef = B204DC741CAC7E5B004EEAE7 /* Launch Screen.storyboard */; };
		B2DF120F19AAE6A000285F79 /* Foundation.framework in Frameworks */ = {isa = PBXBuildFile; fileRef = B2DF120E19AAE6A000285F79 /* Foundation.framework */; };
		B2DF121119AAE6A000285F79 /* CoreGraphics.framework in Frameworks */ = {isa = PBXBuildFile; fileRef = B2DF121019AAE6A000285F79 /* CoreGraphics.framework */; };
		B2DF121319AAE6A000285F79 /* UIKit.framework in Frameworks */ = {isa = PBXBuildFile; fileRef = B2DF121219AAE6A000285F79 /* UIKit.framework */; };
		B2DF121919AAE6A000285F79 /* InfoPlist.strings in Resources */ = {isa = PBXBuildFile; fileRef = B2DF121719AAE6A000285F79 /* InfoPlist.strings */; };
		B2DF121B19AAE6A000285F79 /* main.m in Sources */ = {isa = PBXBuildFile; fileRef = B2DF121A19AAE6A000285F79 /* main.m */; };
		B2DF121F19AAE6A000285F79 /* WINAppDelegate.m in Sources */ = {isa = PBXBuildFile; fileRef = B2DF121E19AAE6A000285F79 /* WINAppDelegate.m */; };
		B2DF122219AAE6A000285F79 /* Main.storyboard in Resources */ = {isa = PBXBuildFile; fileRef = B2DF122019AAE6A000285F79 /* Main.storyboard */; };
		B2DF122519AAE6A000285F79 /* WINViewController.m in Sources */ = {isa = PBXBuildFile; fileRef = B2DF122419AAE6A000285F79 /* WINViewController.m */; };
		B2DF122719AAE6A000285F79 /* Images.xcassets in Resources */ = {isa = PBXBuildFile; fileRef = B2DF122619AAE6A000285F79 /* Images.xcassets */; };
		B2DF122E19AAE6A000285F79 /* XCTest.framework in Frameworks */ = {isa = PBXBuildFile; fileRef = B2DF122D19AAE6A000285F79 /* XCTest.framework */; };
		B2DF122F19AAE6A000285F79 /* Foundation.framework in Frameworks */ = {isa = PBXBuildFile; fileRef = B2DF120E19AAE6A000285F79 /* Foundation.framework */; };
		B2DF123019AAE6A000285F79 /* UIKit.framework in Frameworks */ = {isa = PBXBuildFile; fileRef = B2DF121219AAE6A000285F79 /* UIKit.framework */; };
		B2DF123819AAE6A000285F79 /* InfoPlist.strings in Resources */ = {isa = PBXBuildFile; fileRef = B2DF123619AAE6A000285F79 /* InfoPlist.strings */; };
		B2DF123A19AAE6A000285F79 /* WindChatTests.m in Sources */ = {isa = PBXBuildFile; fileRef = B2DF123919AAE6A000285F79 /* WindChatTests.m */; };
		B2DF124419AAE6B300285F79 /* MultipeerConnectivity.framework in Frameworks */ = {isa = PBXBuildFile; fileRef = B2DF124319AAE6B300285F79 /* MultipeerConnectivity.framework */; };
/* End PBXBuildFile section */

/* Begin PBXContainerItemProxy section */
		B2DF123119AAE6A000285F79 /* PBXContainerItemProxy */ = {
			isa = PBXContainerItemProxy;
			containerPortal = B2DF120319AAE6A000285F79 /* Project object */;
			proxyType = 1;
			remoteGlobalIDString = B2DF120A19AAE6A000285F79;
			remoteInfo = WindChat;
		};
/* End PBXContainerItemProxy section */

/* Begin PBXFileReference section */
		B204DC741CAC7E5B004EEAE7 /* Launch Screen.storyboard */ = {isa = PBXFileReference; fileEncoding = 4; lastKnownFileType = file.storyboard; path = "Launch Screen.storyboard"; sourceTree = "<group>"; };
		B2DF120B19AAE6A000285F79 /* WindChat.app */ = {isa = PBXFileReference; explicitFileType = wrapper.application; includeInIndex = 0; path = WindChat.app; sourceTree = BUILT_PRODUCTS_DIR; };
		B2DF120E19AAE6A000285F79 /* Foundation.framework */ = {isa = PBXFileReference; lastKnownFileType = wrapper.framework; name = Foundation.framework; path = System/Library/Frameworks/Foundation.framework; sourceTree = SDKROOT; };
		B2DF121019AAE6A000285F79 /* CoreGraphics.framework */ = {isa = PBXFileReference; lastKnownFileType = wrapper.framework; name = CoreGraphics.framework; path = System/Library/Frameworks/CoreGraphics.framework; sourceTree = SDKROOT; };
		B2DF121219AAE6A000285F79 /* UIKit.framework */ = {isa = PBXFileReference; lastKnownFileType = wrapper.framework; name = UIKit.framework; path = System/Library/Frameworks/UIKit.framework; sourceTree = SDKROOT; };
		B2DF121619AAE6A000285F79 /* WindChat-Info.plist */ = {isa = PBXFileReference; lastKnownFileType = text.plist.xml; path = "WindChat-Info.plist"; sourceTree = "<group>"; };
		B2DF121819AAE6A000285F79 /* en */ = {isa = PBXFileReference; lastKnownFileType = text.plist.strings; name = en; path = en.lproj/InfoPlist.strings; sourceTree = "<group>"; };
		B2DF121A19AAE6A000285F79 /* main.m */ = {isa = PBXFileReference; lastKnownFileType = sourcecode.c.objc; path = main.m; sourceTree = "<group>"; };
		B2DF121C19AAE6A000285F79 /* WindChat-Prefix.pch */ = {isa = PBXFileReference; lastKnownFileType = sourcecode.c.h; path = "WindChat-Prefix.pch"; sourceTree = "<group>"; };
		B2DF121D19AAE6A000285F79 /* WINAppDelegate.h */ = {isa = PBXFileReference; lastKnownFileType = sourcecode.c.h; path = WINAppDelegate.h; sourceTree = "<group>"; };
		B2DF121E19AAE6A000285F79 /* WINAppDelegate.m */ = {isa = PBXFileReference; lastKnownFileType = sourcecode.c.objc; path = WINAppDelegate.m; sourceTree = "<group>"; };
		B2DF122119AAE6A000285F79 /* Base */ = {isa = PBXFileReference; lastKnownFileType = file.storyboard; name = Base; path = Base.lproj/Main.storyboard; sourceTree = "<group>"; };
		B2DF122319AAE6A000285F79 /* WINViewController.h */ = {isa = PBXFileReference; lastKnownFileType = sourcecode.c.h; path = WINViewController.h; sourceTree = "<group>"; };
		B2DF122419AAE6A000285F79 /* WINViewController.m */ = {isa = PBXFileReference; lastKnownFileType = sourcecode.c.objc; path = WINViewController.m; sourceTree = "<group>"; };
		B2DF122619AAE6A000285F79 /* Images.xcassets */ = {isa = PBXFileReference; lastKnownFileType = folder.assetcatalog; path = Images.xcassets; sourceTree = "<group>"; };
		B2DF122C19AAE6A000285F79 /* WindChatTests.xctest */ = {isa = PBXFileReference; explicitFileType = wrapper.cfbundle; includeInIndex = 0; path = WindChatTests.xctest; sourceTree = BUILT_PRODUCTS_DIR; };
		B2DF122D19AAE6A000285F79 /* XCTest.framework */ = {isa = PBXFileReference; lastKnownFileType = wrapper.framework; name = XCTest.framework; path = Library/Frameworks/XCTest.framework; sourceTree = DEVELOPER_DIR; };
		B2DF123519AAE6A000285F79 /* WindChatTests-Info.plist */ = {isa = PBXFileReference; lastKnownFileType = text.plist.xml; path = "WindChatTests-Info.plist"; sourceTree = "<group>"; };
		B2DF123719AAE6A000285F79 /* en */ = {isa = PBXFileReference; lastKnownFileType = text.plist.strings; name = en; path = en.lproj/InfoPlist.strings; sourceTree = "<group>"; };
		B2DF123919AAE6A000285F79 /* WindChatTests.m */ = {isa = PBXFileReference; lastKnownFileType = sourcecode.c.objc; path = WindChatTests.m; sourceTree = "<group>"; };
		B2DF124319AAE6B300285F79 /* MultipeerConnectivity.framework */ = {isa = PBXFileReference; lastKnownFileType = wrapper.framework; name = MultipeerConnectivity.framework; path = System/Library/Frameworks/MultipeerConnectivity.framework; sourceTree = SDKROOT; };
/* End PBXFileReference section */

/* Begin PBXFrameworksBuildPhase section */
		B2DF120819AAE6A000285F79 /* Frameworks */ = {
			isa = PBXFrameworksBuildPhase;
			buildActionMask = 2147483647;
			files = (
				B2DF124419AAE6B300285F79 /* MultipeerConnectivity.framework in Frameworks */,
				B2DF121119AAE6A000285F79 /* CoreGraphics.framework in Frameworks */,
				B2DF121319AAE6A000285F79 /* UIKit.framework in Frameworks */,
				B2DF120F19AAE6A000285F79 /* Foundation.framework in Frameworks */,
			);
			runOnlyForDeploymentPostprocessing = 0;
		};
		B2DF122919AAE6A000285F79 /* Frameworks */ = {
			isa = PBXFrameworksBuildPhase;
			buildActionMask = 2147483647;
			files = (
				B2DF122E19AAE6A000285F79 /* XCTest.framework in Frameworks */,
				B2DF123019AAE6A000285F79 /* UIKit.framework in Frameworks */,
				B2DF122F19AAE6A000285F79 /* Foundation.framework in Frameworks */,
			);
			runOnlyForDeploymentPostprocessing = 0;
		};
/* End PBXFrameworksBuildPhase section */

/* Begin PBXGroup section */
		B2DF120219AAE6A000285F79 = {
			isa = PBXGroup;
			children = (
				B2DF121419AAE6A000285F79 /* WindChat */,
				B2DF123319AAE6A000285F79 /* WindChatTests */,
				B2DF120D19AAE6A000285F79 /* Frameworks */,
				B2DF120C19AAE6A000285F79 /* Products */,
			);
			sourceTree = "<group>";
		};
		B2DF120C19AAE6A000285F79 /* Products */ = {
			isa = PBXGroup;
			children = (
				B2DF120B19AAE6A000285F79 /* WindChat.app */,
				B2DF122C19AAE6A000285F79 /* WindChatTests.xctest */,
			);
			name = Products;
			sourceTree = "<group>";
		};
		B2DF120D19AAE6A000285F79 /* Frameworks */ = {
			isa = PBXGroup;
			children = (
				B2DF124319AAE6B300285F79 /* MultipeerConnectivity.framework */,
				B2DF120E19AAE6A000285F79 /* Foundation.framework */,
				B2DF121019AAE6A000285F79 /* CoreGraphics.framework */,
				B2DF121219AAE6A000285F79 /* UIKit.framework */,
				B2DF122D19AAE6A000285F79 /* XCTest.framework */,
			);
			name = Frameworks;
			sourceTree = "<group>";
		};
		B2DF121419AAE6A000285F79 /* WindChat */ = {
			isa = PBXGroup;
			children = (
				B2DF121D19AAE6A000285F79 /* WINAppDelegate.h */,
				B2DF121E19AAE6A000285F79 /* WINAppDelegate.m */,
				B2DF122019AAE6A000285F79 /* Main.storyboard */,
				B204DC741CAC7E5B004EEAE7 /* Launch Screen.storyboard */,
				B2DF122319AAE6A000285F79 /* WINViewController.h */,
				B2DF122419AAE6A000285F79 /* WINViewController.m */,
				B2DF122619AAE6A000285F79 /* Images.xcassets */,
				B2DF121519AAE6A000285F79 /* Supporting Files */,
			);
			path = WindChat;
			sourceTree = "<group>";
		};
		B2DF121519AAE6A000285F79 /* Supporting Files */ = {
			isa = PBXGroup;
			children = (
				B2DF121619AAE6A000285F79 /* WindChat-Info.plist */,
				B2DF121719AAE6A000285F79 /* InfoPlist.strings */,
				B2DF121A19AAE6A000285F79 /* main.m */,
				B2DF121C19AAE6A000285F79 /* WindChat-Prefix.pch */,
			);
			name = "Supporting Files";
			sourceTree = "<group>";
		};
		B2DF123319AAE6A000285F79 /* WindChatTests */ = {
			isa = PBXGroup;
			children = (
				B2DF123919AAE6A000285F79 /* WindChatTests.m */,
				B2DF123419AAE6A000285F79 /* Supporting Files */,
			);
			path = WindChatTests;
			sourceTree = "<group>";
		};
		B2DF123419AAE6A000285F79 /* Supporting Files */ = {
			isa = PBXGroup;
			children = (
				B2DF123519AAE6A000285F79 /* WindChatTests-Info.plist */,
				B2DF123619AAE6A000285F79 /* InfoPlist.strings */,
			);
			name = "Supporting Files";
			sourceTree = "<group>";
		};
/* End PBXGroup section */

/* Begin PBXNativeTarget section */
		B2DF120A19AAE6A000285F79 /* WindChat */ = {
			isa = PBXNativeTarget;
			buildConfigurationList = B2DF123D19AAE6A000285F79 /* Build configuration list for PBXNativeTarget "WindChat" */;
			buildPhases = (
				B2DF120719AAE6A000285F79 /* Sources */,
				B2DF120819AAE6A000285F79 /* Frameworks */,
				B2DF120919AAE6A000285F79 /* Resources */,
			);
			buildRules = (
			);
			dependencies = (
			);
			name = WindChat;
			productName = WindChat;
			productReference = B2DF120B19AAE6A000285F79 /* WindChat.app */;
			productType = "com.apple.product-type.application";
		};
		B2DF122B19AAE6A000285F79 /* WindChatTests */ = {
			isa = PBXNativeTarget;
			buildConfigurationList = B2DF124019AAE6A000285F79 /* Build configuration list for PBXNativeTarget "WindChatTests" */;
			buildPhases = (
				B2DF122819AAE6A000285F79 /* Sources */,
				B2DF122919AAE6A000285F79 /* Frameworks */,
				B2DF122A19AAE6A000285F79 /* Resources */,
			);
			buildRules = (
			);
			dependencies = (
				B2DF123219AAE6A000285F79 /* PBXTargetDependency */,
			);
			name = WindChatTests;
			productName = WindChatTests;
			productReference = B2DF122C19AAE6A000285F79 /* WindChatTests.xctest */;
			productType = "com.apple.product-type.bundle.unit-test";
		};
/* End PBXNativeTarget section */

/* Begin PBXProject section */
		B2DF120319AAE6A000285F79 /* Project object */ = {
			isa = PBXProject;
			attributes = {
				CLASSPREFIX = WIN;
				LastUpgradeCheck = 0730;
				ORGANIZATIONNAME = juditk;
				TargetAttributes = {
					B2DF122B19AAE6A000285F79 = {
						TestTargetID = B2DF120A19AAE6A000285F79;
					};
				};
			};
			buildConfigurationList = B2DF120619AAE6A000285F79 /* Build configuration list for PBXProject "WindChat" */;
			compatibilityVersion = "Xcode 3.2";
			developmentRegion = English;
			hasScannedForEncodings = 0;
			knownRegions = (
				en,
				Base,
			);
			mainGroup = B2DF120219AAE6A000285F79;
			productRefGroup = B2DF120C19AAE6A000285F79 /* Products */;
			projectDirPath = "";
			projectRoot = "";
			targets = (
				B2DF120A19AAE6A000285F79 /* WindChat */,
				B2DF122B19AAE6A000285F79 /* WindChatTests */,
			);
		};
/* End PBXProject section */

/* Begin PBXResourcesBuildPhase section */
		B2DF120919AAE6A000285F79 /* Resources */ = {
			isa = PBXResourcesBuildPhase;
			buildActionMask = 2147483647;
			files = (
				B2DF122719AAE6A000285F79 /* Images.xcassets in Resources */,
				B2DF121919AAE6A000285F79 /* InfoPlist.strings in Resources */,
				B204DC751CAC7E5B004EEAE7 /* Launch Screen.storyboard in Resources */,
				B2DF122219AAE6A000285F79 /* Main.storyboard in Resources */,
			);
			runOnlyForDeploymentPostprocessing = 0;
		};
		B2DF122A19AAE6A000285F79 /* Resources */ = {
			isa = PBXResourcesBuildPhase;
			buildActionMask = 2147483647;
			files = (
				B2DF123819AAE6A000285F79 /* InfoPlist.strings in Resources */,
			);
			runOnlyForDeploymentPostprocessing = 0;
		};
/* End PBXResourcesBuildPhase section */

/* Begin PBXSourcesBuildPhase section */
		B2DF120719AAE6A000285F79 /* Sources */ = {
			isa = PBXSourcesBuildPhase;
			buildActionMask = 2147483647;
			files = (
				B2DF121B19AAE6A000285F79 /* main.m in Sources */,
				B2DF122519AAE6A000285F79 /* WINViewController.m in Sources */,
				B2DF121F19AAE6A000285F79 /* WINAppDelegate.m in Sources */,
			);
			runOnlyForDeploymentPostprocessing = 0;
		};
		B2DF122819AAE6A000285F79 /* Sources */ = {
			isa = PBXSourcesBuildPhase;
			buildActionMask = 2147483647;
			files = (
				B2DF123A19AAE6A000285F79 /* WindChatTests.m in Sources */,
			);
			runOnlyForDeploymentPostprocessing = 0;
		};
/* End PBXSourcesBuildPhase section */

/* Begin PBXTargetDependency section */
		B2DF123219AAE6A000285F79 /* PBXTargetDependency */ = {
			isa = PBXTargetDependency;
			target = B2DF120A19AAE6A000285F79 /* WindChat */;
			targetProxy = B2DF123119AAE6A000285F79 /* PBXContainerItemProxy */;
		};
/* End PBXTargetDependency section */

/* Begin PBXVariantGroup section */
		B2DF121719AAE6A000285F79 /* InfoPlist.strings */ = {
			isa = PBXVariantGroup;
			children = (
				B2DF121819AAE6A000285F79 /* en */,
			);
			name = InfoPlist.strings;
			sourceTree = "<group>";
		};
		B2DF122019AAE6A000285F79 /* Main.storyboard */ = {
			isa = PBXVariantGroup;
			children = (
				B2DF122119AAE6A000285F79 /* Base */,
			);
			name = Main.storyboard;
			sourceTree = "<group>";
		};
		B2DF123619AAE6A000285F79 /* InfoPlist.strings */ = {
			isa = PBXVariantGroup;
			children = (
				B2DF123719AAE6A000285F79 /* en */,
			);
			name = InfoPlist.strings;
			sourceTree = "<group>";
		};
/* End PBXVariantGroup section */

/* Begin XCBuildConfiguration section */
		B2DF123B19AAE6A000285F79 /* Debug */ = {
			isa = XCBuildConfiguration;
			buildSettings = {
				ALWAYS_SEARCH_USER_PATHS = NO;
				CLANG_CXX_LANGUAGE_STANDARD = "gnu++0x";
				CLANG_CXX_LIBRARY = "libc++";
				CLANG_ENABLE_MODULES = YES;
				CLANG_ENABLE_OBJC_ARC = YES;
				CLANG_WARN_BOOL_CONVERSION = YES;
				CLANG_WARN_CONSTANT_CONVERSION = YES;
				CLANG_WARN_DIRECT_OBJC_ISA_USAGE = YES_ERROR;
				CLANG_WARN_EMPTY_BODY = YES;
				CLANG_WARN_ENUM_CONVERSION = YES;
				CLANG_WARN_INT_CONVERSION = YES;
				CLANG_WARN_OBJC_ROOT_CLASS = YES_ERROR;
				CLANG_WARN__DUPLICATE_METHOD_MATCH = YES;
				"CODE_SIGN_IDENTITY[sdk=iphoneos*]" = "iPhone Developer";
				COPY_PHASE_STRIP = NO;
				ENABLE_TESTABILITY = YES;
				GCC_C_LANGUAGE_STANDARD = gnu99;
				GCC_DYNAMIC_NO_PIC = NO;
				GCC_OPTIMIZATION_LEVEL = 0;
				GCC_PREPROCESSOR_DEFINITIONS = (
					"DEBUG=1",
					"$(inherited)",
				);
				GCC_SYMBOLS_PRIVATE_EXTERN = NO;
				GCC_WARN_64_TO_32_BIT_CONVERSION = YES;
				GCC_WARN_ABOUT_RETURN_TYPE = YES_ERROR;
				GCC_WARN_UNDECLARED_SELECTOR = YES;
				GCC_WARN_UNINITIALIZED_AUTOS = YES_AGGRESSIVE;
				GCC_WARN_UNUSED_FUNCTION = YES;
				GCC_WARN_UNUSED_VARIABLE = YES;
				IPHONEOS_DEPLOYMENT_TARGET = 7.1;
				ONLY_ACTIVE_ARCH = YES;
				SDKROOT = iphoneos;
			};
			name = Debug;
		};
		B2DF123C19AAE6A000285F79 /* Release */ = {
			isa = XCBuildConfiguration;
			buildSettings = {
				ALWAYS_SEARCH_USER_PATHS = NO;
				CLANG_CXX_LANGUAGE_STANDARD = "gnu++0x";
				CLANG_CXX_LIBRARY = "libc++";
				CLANG_ENABLE_MODULES = YES;
				CLANG_ENABLE_OBJC_ARC = YES;
				CLANG_WARN_BOOL_CONVERSION = YES;
				CLANG_WARN_CONSTANT_CONVERSION = YES;
				CLANG_WARN_DIRECT_OBJC_ISA_USAGE = YES_ERROR;
				CLANG_WARN_EMPTY_BODY = YES;
				CLANG_WARN_ENUM_CONVERSION = YES;
				CLANG_WARN_INT_CONVERSION = YES;
				CLANG_WARN_OBJC_ROOT_CLASS = YES_ERROR;
				CLANG_WARN__DUPLICATE_METHOD_MATCH = YES;
				"CODE_SIGN_IDENTITY[sdk=iphoneos*]" = "iPhone Developer";
				COPY_PHASE_STRIP = YES;
				ENABLE_NS_ASSERTIONS = NO;
				GCC_C_LANGUAGE_STANDARD = gnu99;
				GCC_WARN_64_TO_32_BIT_CONVERSION = YES;
				GCC_WARN_ABOUT_RETURN_TYPE = YES_ERROR;
				GCC_WARN_UNDECLARED_SELECTOR = YES;
				GCC_WARN_UNINITIALIZED_AUTOS = YES_AGGRESSIVE;
				GCC_WARN_UNUSED_FUNCTION = YES;
				GCC_WARN_UNUSED_VARIABLE = YES;
				IPHONEOS_DEPLOYMENT_TARGET = 7.1;
				SDKROOT = iphoneos;
				VALIDATE_PRODUCT = YES;
			};
			name = Release;
		};
		B2DF123E19AAE6A000285F79 /* Debug */ = {
			isa = XCBuildConfiguration;
			buildSettings = {
				ASSETCATALOG_COMPILER_APPICON_NAME = AppIcon;
				ASSETCATALOG_COMPILER_LAUNCHIMAGE_NAME = LaunchImage;
				GCC_PRECOMPILE_PREFIX_HEADER = YES;
				GCC_PREFIX_HEADER = "WindChat/WindChat-Prefix.pch";
				INFOPLIST_FILE = "WindChat/WindChat-Info.plist";
				IPHONEOS_DEPLOYMENT_TARGET = 9.3;
				PRODUCT_BUNDLE_IDENTIFIER = "com.juditk.${PRODUCT_NAME:rfc1034identifier}";
				PRODUCT_NAME = "$(TARGET_NAME)";
				WRAPPER_EXTENSION = app;
			};
			name = Debug;
		};
		B2DF123F19AAE6A000285F79 /* Release */ = {
			isa = XCBuildConfiguration;
			buildSettings = {
				ASSETCATALOG_COMPILER_APPICON_NAME = AppIcon;
				ASSETCATALOG_COMPILER_LAUNCHIMAGE_NAME = LaunchImage;
				GCC_PRECOMPILE_PREFIX_HEADER = YES;
				GCC_PREFIX_HEADER = "WindChat/WindChat-Prefix.pch";
				INFOPLIST_FILE = "WindChat/WindChat-Info.plist";
				IPHONEOS_DEPLOYMENT_TARGET = 9.3;
				PRODUCT_BUNDLE_IDENTIFIER = "com.juditk.${PRODUCT_NAME:rfc1034identifier}";
				PRODUCT_NAME = "$(TARGET_NAME)";
				WRAPPER_EXTENSION = app;
			};
			name = Release;
		};
		B2DF124119AAE6A000285F79 /* Debug */ = {
			isa = XCBuildConfiguration;
			buildSettings = {
				BUNDLE_LOADER = "$(BUILT_PRODUCTS_DIR)/WindChat.app/WindChat";
				FRAMEWORK_SEARCH_PATHS = (
					"$(SDKROOT)/Developer/Library/Frameworks",
					"$(inherited)",
					"$(DEVELOPER_FRAMEWORKS_DIR)",
				);
				GCC_PRECOMPILE_PREFIX_HEADER = YES;
				GCC_PREFIX_HEADER = "WindChat/WindChat-Prefix.pch";
				GCC_PREPROCESSOR_DEFINITIONS = (
					"DEBUG=1",
					"$(inherited)",
				);
				INFOPLIST_FILE = "WindChatTests/WindChatTests-Info.plist";
				PRODUCT_BUNDLE_IDENTIFIER = "com.juditk.${PRODUCT_NAME:rfc1034identifier}";
				PRODUCT_NAME = "$(TARGET_NAME)";
				TEST_HOST = "$(BUNDLE_LOADER)";
				WRAPPER_EXTENSION = xctest;
			};
			name = Debug;
		};
		B2DF124219AAE6A000285F79 /* Release */ = {
			isa = XCBuildConfiguration;
			buildSettings = {
				BUNDLE_LOADER = "$(BUILT_PRODUCTS_DIR)/WindChat.app/WindChat";
				FRAMEWORK_SEARCH_PATHS = (
					"$(SDKROOT)/Developer/Library/Frameworks",
					"$(inherited)",
					"$(DEVELOPER_FRAMEWORKS_DIR)",
				);
				GCC_PRECOMPILE_PREFIX_HEADER = YES;
				GCC_PREFIX_HEADER = "WindChat/WindChat-Prefix.pch";
				INFOPLIST_FILE = "WindChatTests/WindChatTests-Info.plist";
				PRODUCT_BUNDLE_IDENTIFIER = "com.juditk.${PRODUCT_NAME:rfc1034identifier}";
				PRODUCT_NAME = "$(TARGET_NAME)";
				TEST_HOST = "$(BUNDLE_LOADER)";
				WRAPPER_EXTENSION = xctest;
			};
			name = Release;
		};
/* End XCBuildConfiguration section */

/* Begin XCConfigurationList section */
		B2DF120619AAE6A000285F79 /* Build configuration list for PBXProject "WindChat" */ = {
			isa = XCConfigurationList;
			buildConfigurations = (
				B2DF123B19AAE6A000285F79 /* Debug */,
				B2DF123C19AAE6A000285F79 /* Release */,
			);
			defaultConfigurationIsVisible = 0;
			defaultConfigurationName = Release;
		};
		B2DF123D19AAE6A000285F79 /* Build configuration list for PBXNativeTarget "WindChat" */ = {
			isa = XCConfigurationList;
			buildConfigurations = (
				B2DF123E19AAE6A000285F79 /* Debug */,
				B2DF123F19AAE6A000285F79 /* Release */,
			);
			defaultConfigurationIsVisible = 0;
			defaultConfigurationName = Release;
		};
		B2DF124019AAE6A000285F79 /* Build configuration list for PBXNativeTarget "WindChatTests" */ = {
			isa = XCConfigurationList;
			buildConfigurations = (
				B2DF124119AAE6A000285F79 /* Debug */,
				B2DF124219AAE6A000285F79 /* Release */,
			);
			defaultConfigurationIsVisible = 0;
			defaultConfigurationName = Release;
		};
/* End XCConfigurationList section */
	};
	rootObject = B2DF120319AAE6A000285F79 /* Project object */;
}
