// !$*UTF8*$!
{
	archiveVersion = 1;
	classes = {
	};
	objectVersion = 46;
	objects = {

/* Begin PBXBuildFile section */
		B24D5F4619AC3474009FDA63 /* WATPeerManager.m in Sources */ = {isa = PBXBuildFile; fileRef = B24D5F4519AC3474009FDA63 /* WATPeerManager.m */; };
		B24D5F4919AC352B009FDA63 /* WATRemotePeer.m in Sources */ = {isa = PBXBuildFile; fileRef = B24D5F4819AC352B009FDA63 /* WATRemotePeer.m */; };
		B2DF125219AAE9DF00285F79 /* Foundation.framework in Frameworks */ = {isa = PBXBuildFile; fileRef = B2DF125119AAE9DF00285F79 /* Foundation.framework */; };
		B2DF125419AAE9DF00285F79 /* CoreGraphics.framework in Frameworks */ = {isa = PBXBuildFile; fileRef = B2DF125319AAE9DF00285F79 /* CoreGraphics.framework */; };
		B2DF125619AAE9DF00285F79 /* UIKit.framework in Frameworks */ = {isa = PBXBuildFile; fileRef = B2DF125519AAE9DF00285F79 /* UIKit.framework */; };
		B2DF125C19AAE9DF00285F79 /* InfoPlist.strings in Resources */ = {isa = PBXBuildFile; fileRef = B2DF125A19AAE9DF00285F79 /* InfoPlist.strings */; };
		B2DF125E19AAE9DF00285F79 /* main.m in Sources */ = {isa = PBXBuildFile; fileRef = B2DF125D19AAE9DF00285F79 /* main.m */; };
		B2DF126219AAE9DF00285F79 /* WATAppDelegate.m in Sources */ = {isa = PBXBuildFile; fileRef = B2DF126119AAE9DF00285F79 /* WATAppDelegate.m */; };
		B2DF126519AAE9DF00285F79 /* Main.storyboard in Resources */ = {isa = PBXBuildFile; fileRef = B2DF126319AAE9DF00285F79 /* Main.storyboard */; };
		B2DF126819AAE9DF00285F79 /* WATFirstViewController.m in Sources */ = {isa = PBXBuildFile; fileRef = B2DF126719AAE9DF00285F79 /* WATFirstViewController.m */; };
		B2DF126B19AAE9DF00285F79 /* WATSecondViewController.m in Sources */ = {isa = PBXBuildFile; fileRef = B2DF126A19AAE9DF00285F79 /* WATSecondViewController.m */; };
		B2DF126D19AAE9DF00285F79 /* Images.xcassets in Resources */ = {isa = PBXBuildFile; fileRef = B2DF126C19AAE9DF00285F79 /* Images.xcassets */; };
		B2DF127419AAE9DF00285F79 /* XCTest.framework in Frameworks */ = {isa = PBXBuildFile; fileRef = B2DF127319AAE9DF00285F79 /* XCTest.framework */; };
		B2DF127519AAE9DF00285F79 /* Foundation.framework in Frameworks */ = {isa = PBXBuildFile; fileRef = B2DF125119AAE9DF00285F79 /* Foundation.framework */; };
		B2DF127619AAE9DF00285F79 /* UIKit.framework in Frameworks */ = {isa = PBXBuildFile; fileRef = B2DF125519AAE9DF00285F79 /* UIKit.framework */; };
		B2DF127E19AAE9DF00285F79 /* InfoPlist.strings in Resources */ = {isa = PBXBuildFile; fileRef = B2DF127C19AAE9DF00285F79 /* InfoPlist.strings */; };
		B2DF128019AAE9DF00285F79 /* WaterChatTests.m in Sources */ = {isa = PBXBuildFile; fileRef = B2DF127F19AAE9DF00285F79 /* WaterChatTests.m */; };
/* End PBXBuildFile section */

/* Begin PBXContainerItemProxy section */
		B2DF127719AAE9DF00285F79 /* PBXContainerItemProxy */ = {
			isa = PBXContainerItemProxy;
			containerPortal = B2DF124619AAE9DF00285F79 /* Project object */;
			proxyType = 1;
			remoteGlobalIDString = B2DF124D19AAE9DF00285F79;
			remoteInfo = WaterChat;
		};
/* End PBXContainerItemProxy section */

/* Begin PBXFileReference section */
		B24D5F4419AC3474009FDA63 /* WATPeerManager.h */ = {isa = PBXFileReference; fileEncoding = 4; lastKnownFileType = sourcecode.c.h; path = WATPeerManager.h; sourceTree = "<group>"; };
		B24D5F4519AC3474009FDA63 /* WATPeerManager.m */ = {isa = PBXFileReference; fileEncoding = 4; lastKnownFileType = sourcecode.c.objc; path = WATPeerManager.m; sourceTree = "<group>"; };
		B24D5F4719AC352B009FDA63 /* WATRemotePeer.h */ = {isa = PBXFileReference; fileEncoding = 4; lastKnownFileType = sourcecode.c.h; path = WATRemotePeer.h; sourceTree = "<group>"; };
		B24D5F4819AC352B009FDA63 /* WATRemotePeer.m */ = {isa = PBXFileReference; fileEncoding = 4; lastKnownFileType = sourcecode.c.objc; path = WATRemotePeer.m; sourceTree = "<group>"; };
		B2DF124E19AAE9DF00285F79 /* WaterChat.app */ = {isa = PBXFileReference; explicitFileType = wrapper.application; includeInIndex = 0; path = WaterChat.app; sourceTree = BUILT_PRODUCTS_DIR; };
		B2DF125119AAE9DF00285F79 /* Foundation.framework */ = {isa = PBXFileReference; lastKnownFileType = wrapper.framework; name = Foundation.framework; path = System/Library/Frameworks/Foundation.framework; sourceTree = SDKROOT; };
		B2DF125319AAE9DF00285F79 /* CoreGraphics.framework */ = {isa = PBXFileReference; lastKnownFileType = wrapper.framework; name = CoreGraphics.framework; path = System/Library/Frameworks/CoreGraphics.framework; sourceTree = SDKROOT; };
		B2DF125519AAE9DF00285F79 /* UIKit.framework */ = {isa = PBXFileReference; lastKnownFileType = wrapper.framework; name = UIKit.framework; path = System/Library/Frameworks/UIKit.framework; sourceTree = SDKROOT; };
		B2DF125919AAE9DF00285F79 /* WaterChat-Info.plist */ = {isa = PBXFileReference; lastKnownFileType = text.plist.xml; path = "WaterChat-Info.plist"; sourceTree = "<group>"; };
		B2DF125B19AAE9DF00285F79 /* en */ = {isa = PBXFileReference; lastKnownFileType = text.plist.strings; name = en; path = en.lproj/InfoPlist.strings; sourceTree = "<group>"; };
		B2DF125D19AAE9DF00285F79 /* main.m */ = {isa = PBXFileReference; lastKnownFileType = sourcecode.c.objc; path = main.m; sourceTree = "<group>"; };
		B2DF125F19AAE9DF00285F79 /* WaterChat-Prefix.pch */ = {isa = PBXFileReference; lastKnownFileType = sourcecode.c.h; path = "WaterChat-Prefix.pch"; sourceTree = "<group>"; };
		B2DF126019AAE9DF00285F79 /* WATAppDelegate.h */ = {isa = PBXFileReference; lastKnownFileType = sourcecode.c.h; path = WATAppDelegate.h; sourceTree = "<group>"; };
		B2DF126119AAE9DF00285F79 /* WATAppDelegate.m */ = {isa = PBXFileReference; lastKnownFileType = sourcecode.c.objc; path = WATAppDelegate.m; sourceTree = "<group>"; };
		B2DF126419AAE9DF00285F79 /* Base */ = {isa = PBXFileReference; lastKnownFileType = file.storyboard; name = Base; path = Base.lproj/Main.storyboard; sourceTree = "<group>"; };
		B2DF126619AAE9DF00285F79 /* WATFirstViewController.h */ = {isa = PBXFileReference; lastKnownFileType = sourcecode.c.h; path = WATFirstViewController.h; sourceTree = "<group>"; };
		B2DF126719AAE9DF00285F79 /* WATFirstViewController.m */ = {isa = PBXFileReference; lastKnownFileType = sourcecode.c.objc; path = WATFirstViewController.m; sourceTree = "<group>"; };
		B2DF126919AAE9DF00285F79 /* WATSecondViewController.h */ = {isa = PBXFileReference; lastKnownFileType = sourcecode.c.h; path = WATSecondViewController.h; sourceTree = "<group>"; };
		B2DF126A19AAE9DF00285F79 /* WATSecondViewController.m */ = {isa = PBXFileReference; lastKnownFileType = sourcecode.c.objc; path = WATSecondViewController.m; sourceTree = "<group>"; };
		B2DF126C19AAE9DF00285F79 /* Images.xcassets */ = {isa = PBXFileReference; lastKnownFileType = folder.assetcatalog; path = Images.xcassets; sourceTree = "<group>"; };
		B2DF127219AAE9DF00285F79 /* WaterChatTests.xctest */ = {isa = PBXFileReference; explicitFileType = wrapper.cfbundle; includeInIndex = 0; path = WaterChatTests.xctest; sourceTree = BUILT_PRODUCTS_DIR; };
		B2DF127319AAE9DF00285F79 /* XCTest.framework */ = {isa = PBXFileReference; lastKnownFileType = wrapper.framework; name = XCTest.framework; path = Library/Frameworks/XCTest.framework; sourceTree = DEVELOPER_DIR; };
		B2DF127B19AAE9DF00285F79 /* WaterChatTests-Info.plist */ = {isa = PBXFileReference; lastKnownFileType = text.plist.xml; path = "WaterChatTests-Info.plist"; sourceTree = "<group>"; };
		B2DF127D19AAE9DF00285F79 /* en */ = {isa = PBXFileReference; lastKnownFileType = text.plist.strings; name = en; path = en.lproj/InfoPlist.strings; sourceTree = "<group>"; };
		B2DF127F19AAE9DF00285F79 /* WaterChatTests.m */ = {isa = PBXFileReference; lastKnownFileType = sourcecode.c.objc; path = WaterChatTests.m; sourceTree = "<group>"; };
/* End PBXFileReference section */

/* Begin PBXFrameworksBuildPhase section */
		B2DF124B19AAE9DF00285F79 /* Frameworks */ = {
			isa = PBXFrameworksBuildPhase;
			buildActionMask = 2147483647;
			files = (
				B2DF125419AAE9DF00285F79 /* CoreGraphics.framework in Frameworks */,
				B2DF125619AAE9DF00285F79 /* UIKit.framework in Frameworks */,
				B2DF125219AAE9DF00285F79 /* Foundation.framework in Frameworks */,
			);
			runOnlyForDeploymentPostprocessing = 0;
		};
		B2DF126F19AAE9DF00285F79 /* Frameworks */ = {
			isa = PBXFrameworksBuildPhase;
			buildActionMask = 2147483647;
			files = (
				B2DF127419AAE9DF00285F79 /* XCTest.framework in Frameworks */,
				B2DF127619AAE9DF00285F79 /* UIKit.framework in Frameworks */,
				B2DF127519AAE9DF00285F79 /* Foundation.framework in Frameworks */,
			);
			runOnlyForDeploymentPostprocessing = 0;
		};
/* End PBXFrameworksBuildPhase section */

/* Begin PBXGroup section */
		B24D5F4019AC33FD009FDA63 /* Models */ = {
			isa = PBXGroup;
			children = (
				B24D5F4419AC3474009FDA63 /* WATPeerManager.h */,
				B24D5F4519AC3474009FDA63 /* WATPeerManager.m */,
				B24D5F4719AC352B009FDA63 /* WATRemotePeer.h */,
				B24D5F4819AC352B009FDA63 /* WATRemotePeer.m */,
			);
			name = Models;
			sourceTree = "<group>";
		};
		B24D5F4119AC3406009FDA63 /* App Delegate */ = {
			isa = PBXGroup;
			children = (
				B2DF126019AAE9DF00285F79 /* WATAppDelegate.h */,
				B2DF126119AAE9DF00285F79 /* WATAppDelegate.m */,
			);
			name = "App Delegate";
			sourceTree = "<group>";
		};
		B24D5F4219AC3412009FDA63 /* Views */ = {
			isa = PBXGroup;
			children = (
				B2DF126319AAE9DF00285F79 /* Main.storyboard */,
			);
			name = Views;
			sourceTree = "<group>";
		};
		B24D5F4319AC3428009FDA63 /* Controllers */ = {
			isa = PBXGroup;
			children = (
				B2DF126619AAE9DF00285F79 /* WATFirstViewController.h */,
				B2DF126719AAE9DF00285F79 /* WATFirstViewController.m */,
				B2DF126919AAE9DF00285F79 /* WATSecondViewController.h */,
				B2DF126A19AAE9DF00285F79 /* WATSecondViewController.m */,
			);
			name = Controllers;
			sourceTree = "<group>";
		};
		B2DF124519AAE9DF00285F79 = {
			isa = PBXGroup;
			children = (
				B2DF125719AAE9DF00285F79 /* WaterChat */,
				B2DF127919AAE9DF00285F79 /* WaterChatTests */,
				B2DF125019AAE9DF00285F79 /* Frameworks */,
				B2DF124F19AAE9DF00285F79 /* Products */,
			);
			sourceTree = "<group>";
		};
		B2DF124F19AAE9DF00285F79 /* Products */ = {
			isa = PBXGroup;
			children = (
				B2DF124E19AAE9DF00285F79 /* WaterChat.app */,
				B2DF127219AAE9DF00285F79 /* WaterChatTests.xctest */,
			);
			name = Products;
			sourceTree = "<group>";
		};
		B2DF125019AAE9DF00285F79 /* Frameworks */ = {
			isa = PBXGroup;
			children = (
				B2DF125119AAE9DF00285F79 /* Foundation.framework */,
				B2DF125319AAE9DF00285F79 /* CoreGraphics.framework */,
				B2DF125519AAE9DF00285F79 /* UIKit.framework */,
				B2DF127319AAE9DF00285F79 /* XCTest.framework */,
			);
			name = Frameworks;
			sourceTree = "<group>";
		};
		B2DF125719AAE9DF00285F79 /* WaterChat */ = {
			isa = PBXGroup;
			children = (
				B24D5F4119AC3406009FDA63 /* App Delegate */,
				B24D5F4019AC33FD009FDA63 /* Models */,
				B24D5F4219AC3412009FDA63 /* Views */,
				B24D5F4319AC3428009FDA63 /* Controllers */,
				B2DF126C19AAE9DF00285F79 /* Images.xcassets */,
				B2DF125819AAE9DF00285F79 /* Supporting Files */,
			);
			path = WaterChat;
			sourceTree = "<group>";
		};
		B2DF125819AAE9DF00285F79 /* Supporting Files */ = {
			isa = PBXGroup;
			children = (
				B2DF125919AAE9DF00285F79 /* WaterChat-Info.plist */,
				B2DF125A19AAE9DF00285F79 /* InfoPlist.strings */,
				B2DF125D19AAE9DF00285F79 /* main.m */,
				B2DF125F19AAE9DF00285F79 /* WaterChat-Prefix.pch */,
			);
			name = "Supporting Files";
			sourceTree = "<group>";
		};
		B2DF127919AAE9DF00285F79 /* WaterChatTests */ = {
			isa = PBXGroup;
			children = (
				B2DF127F19AAE9DF00285F79 /* WaterChatTests.m */,
				B2DF127A19AAE9DF00285F79 /* Supporting Files */,
			);
			path = WaterChatTests;
			sourceTree = "<group>";
		};
		B2DF127A19AAE9DF00285F79 /* Supporting Files */ = {
			isa = PBXGroup;
			children = (
				B2DF127B19AAE9DF00285F79 /* WaterChatTests-Info.plist */,
				B2DF127C19AAE9DF00285F79 /* InfoPlist.strings */,
			);
			name = "Supporting Files";
			sourceTree = "<group>";
		};
/* End PBXGroup section */

/* Begin PBXNativeTarget section */
		B2DF124D19AAE9DF00285F79 /* WaterChat */ = {
			isa = PBXNativeTarget;
			buildConfigurationList = B2DF128319AAE9DF00285F79 /* Build configuration list for PBXNativeTarget "WaterChat" */;
			buildPhases = (
				B2DF124A19AAE9DF00285F79 /* Sources */,
				B2DF124B19AAE9DF00285F79 /* Frameworks */,
				B2DF124C19AAE9DF00285F79 /* Resources */,
			);
			buildRules = (
			);
			dependencies = (
			);
			name = WaterChat;
			productName = WaterChat;
			productReference = B2DF124E19AAE9DF00285F79 /* WaterChat.app */;
			productType = "com.apple.product-type.application";
		};
		B2DF127119AAE9DF00285F79 /* WaterChatTests */ = {
			isa = PBXNativeTarget;
			buildConfigurationList = B2DF128619AAE9DF00285F79 /* Build configuration list for PBXNativeTarget "WaterChatTests" */;
			buildPhases = (
				B2DF126E19AAE9DF00285F79 /* Sources */,
				B2DF126F19AAE9DF00285F79 /* Frameworks */,
				B2DF127019AAE9DF00285F79 /* Resources */,
			);
			buildRules = (
			);
			dependencies = (
				B2DF127819AAE9DF00285F79 /* PBXTargetDependency */,
			);
			name = WaterChatTests;
			productName = WaterChatTests;
			productReference = B2DF127219AAE9DF00285F79 /* WaterChatTests.xctest */;
			productType = "com.apple.product-type.bundle.unit-test";
		};
/* End PBXNativeTarget section */

/* Begin PBXProject section */
		B2DF124619AAE9DF00285F79 /* Project object */ = {
			isa = PBXProject;
			attributes = {
				CLASSPREFIX = WAT;
				LastUpgradeCheck = 0510;
				ORGANIZATIONNAME = juditk;
				TargetAttributes = {
					B2DF127119AAE9DF00285F79 = {
						TestTargetID = B2DF124D19AAE9DF00285F79;
					};
				};
			};
			buildConfigurationList = B2DF124919AAE9DF00285F79 /* Build configuration list for PBXProject "WaterChat" */;
			compatibilityVersion = "Xcode 3.2";
			developmentRegion = English;
			hasScannedForEncodings = 0;
			knownRegions = (
				en,
				Base,
			);
			mainGroup = B2DF124519AAE9DF00285F79;
			productRefGroup = B2DF124F19AAE9DF00285F79 /* Products */;
			projectDirPath = "";
			projectRoot = "";
			targets = (
				B2DF124D19AAE9DF00285F79 /* WaterChat */,
				B2DF127119AAE9DF00285F79 /* WaterChatTests */,
			);
		};
/* End PBXProject section */

/* Begin PBXResourcesBuildPhase section */
		B2DF124C19AAE9DF00285F79 /* Resources */ = {
			isa = PBXResourcesBuildPhase;
			buildActionMask = 2147483647;
			files = (
				B2DF126D19AAE9DF00285F79 /* Images.xcassets in Resources */,
				B2DF125C19AAE9DF00285F79 /* InfoPlist.strings in Resources */,
				B2DF126519AAE9DF00285F79 /* Main.storyboard in Resources */,
			);
			runOnlyForDeploymentPostprocessing = 0;
		};
		B2DF127019AAE9DF00285F79 /* Resources */ = {
			isa = PBXResourcesBuildPhase;
			buildActionMask = 2147483647;
			files = (
				B2DF127E19AAE9DF00285F79 /* InfoPlist.strings in Resources */,
			);
			runOnlyForDeploymentPostprocessing = 0;
		};
/* End PBXResourcesBuildPhase section */

/* Begin PBXSourcesBuildPhase section */
		B2DF124A19AAE9DF00285F79 /* Sources */ = {
			isa = PBXSourcesBuildPhase;
			buildActionMask = 2147483647;
			files = (
				B2DF125E19AAE9DF00285F79 /* main.m in Sources */,
				B2DF126219AAE9DF00285F79 /* WATAppDelegate.m in Sources */,
				B2DF126819AAE9DF00285F79 /* WATFirstViewController.m in Sources */,
				B24D5F4619AC3474009FDA63 /* WATPeerManager.m in Sources */,
				B24D5F4919AC352B009FDA63 /* WATRemotePeer.m in Sources */,
				B2DF126B19AAE9DF00285F79 /* WATSecondViewController.m in Sources */,
			);
			runOnlyForDeploymentPostprocessing = 0;
		};
		B2DF126E19AAE9DF00285F79 /* Sources */ = {
			isa = PBXSourcesBuildPhase;
			buildActionMask = 2147483647;
			files = (
				B2DF128019AAE9DF00285F79 /* WaterChatTests.m in Sources */,
			);
			runOnlyForDeploymentPostprocessing = 0;
		};
/* End PBXSourcesBuildPhase section */

/* Begin PBXTargetDependency section */
		B2DF127819AAE9DF00285F79 /* PBXTargetDependency */ = {
			isa = PBXTargetDependency;
			target = B2DF124D19AAE9DF00285F79 /* WaterChat */;
			targetProxy = B2DF127719AAE9DF00285F79 /* PBXContainerItemProxy */;
		};
/* End PBXTargetDependency section */

/* Begin PBXVariantGroup section */
		B2DF125A19AAE9DF00285F79 /* InfoPlist.strings */ = {
			isa = PBXVariantGroup;
			children = (
				B2DF125B19AAE9DF00285F79 /* en */,
			);
			name = InfoPlist.strings;
			sourceTree = "<group>";
		};
		B2DF126319AAE9DF00285F79 /* Main.storyboard */ = {
			isa = PBXVariantGroup;
			children = (
				B2DF126419AAE9DF00285F79 /* Base */,
			);
			name = Main.storyboard;
			sourceTree = "<group>";
		};
		B2DF127C19AAE9DF00285F79 /* InfoPlist.strings */ = {
			isa = PBXVariantGroup;
			children = (
				B2DF127D19AAE9DF00285F79 /* en */,
			);
			name = InfoPlist.strings;
			sourceTree = "<group>";
		};
/* End PBXVariantGroup section */

/* Begin XCBuildConfiguration section */
		B2DF128119AAE9DF00285F79 /* Debug */ = {
			isa = XCBuildConfiguration;
			buildSettings = {
				ALWAYS_SEARCH_USER_PATHS = NO;
				CLANG_CXX_LANGUAGE_STANDARD = "gnu++0x";
				CLANG_CXX_LIBRARY = "libc++";
				CLANG_ENABLE_MODULES = YES;
				CLANG_ENABLE_OBJC_ARC = YES;
				CLANG_WARN_BOOL_CONVERSION = YES;
				CLANG_WARN_CONSTANT_CONVERSION = YES;
				CLANG_WARN_DIRECT_OBJC_ISA_USAGE = YES_ERROR;
				CLANG_WARN_EMPTY_BODY = YES;
				CLANG_WARN_ENUM_CONVERSION = YES;
				CLANG_WARN_INT_CONVERSION = YES;
				CLANG_WARN_OBJC_ROOT_CLASS = YES_ERROR;
				CLANG_WARN__DUPLICATE_METHOD_MATCH = YES;
				"CODE_SIGN_IDENTITY[sdk=iphoneos*]" = "iPhone Developer";
				COPY_PHASE_STRIP = NO;
				GCC_C_LANGUAGE_STANDARD = gnu99;
				GCC_DYNAMIC_NO_PIC = NO;
				GCC_OPTIMIZATION_LEVEL = 0;
				GCC_PREPROCESSOR_DEFINITIONS = (
					"DEBUG=1",
					"$(inherited)",
				);
				GCC_SYMBOLS_PRIVATE_EXTERN = NO;
				GCC_WARN_64_TO_32_BIT_CONVERSION = YES;
				GCC_WARN_ABOUT_RETURN_TYPE = YES_ERROR;
				GCC_WARN_UNDECLARED_SELECTOR = YES;
				GCC_WARN_UNINITIALIZED_AUTOS = YES_AGGRESSIVE;
				GCC_WARN_UNUSED_FUNCTION = YES;
				GCC_WARN_UNUSED_VARIABLE = YES;
				IPHONEOS_DEPLOYMENT_TARGET = 7.1;
				ONLY_ACTIVE_ARCH = YES;
				SDKROOT = iphoneos;
			};
			name = Debug;
		};
		B2DF128219AAE9DF00285F79 /* Release */ = {
			isa = XCBuildConfiguration;
			buildSettings = {
				ALWAYS_SEARCH_USER_PATHS = NO;
				CLANG_CXX_LANGUAGE_STANDARD = "gnu++0x";
				CLANG_CXX_LIBRARY = "libc++";
				CLANG_ENABLE_MODULES = YES;
				CLANG_ENABLE_OBJC_ARC = YES;
				CLANG_WARN_BOOL_CONVERSION = YES;
				CLANG_WARN_CONSTANT_CONVERSION = YES;
				CLANG_WARN_DIRECT_OBJC_ISA_USAGE = YES_ERROR;
				CLANG_WARN_EMPTY_BODY = YES;
				CLANG_WARN_ENUM_CONVERSION = YES;
				CLANG_WARN_INT_CONVERSION = YES;
				CLANG_WARN_OBJC_ROOT_CLASS = YES_ERROR;
				CLANG_WARN__DUPLICATE_METHOD_MATCH = YES;
				"CODE_SIGN_IDENTITY[sdk=iphoneos*]" = "iPhone Developer";
				COPY_PHASE_STRIP = YES;
				ENABLE_NS_ASSERTIONS = NO;
				GCC_C_LANGUAGE_STANDARD = gnu99;
				GCC_WARN_64_TO_32_BIT_CONVERSION = YES;
				GCC_WARN_ABOUT_RETURN_TYPE = YES_ERROR;
				GCC_WARN_UNDECLARED_SELECTOR = YES;
				GCC_WARN_UNINITIALIZED_AUTOS = YES_AGGRESSIVE;
				GCC_WARN_UNUSED_FUNCTION = YES;
				GCC_WARN_UNUSED_VARIABLE = YES;
				IPHONEOS_DEPLOYMENT_TARGET = 7.1;
				SDKROOT = iphoneos;
				VALIDATE_PRODUCT = YES;
			};
			name = Release;
		};
		B2DF128419AAE9DF00285F79 /* Debug */ = {
			isa = XCBuildConfiguration;
			buildSettings = {
				ASSETCATALOG_COMPILER_APPICON_NAME = AppIcon;
				ASSETCATALOG_COMPILER_LAUNCHIMAGE_NAME = LaunchImage;
				GCC_PRECOMPILE_PREFIX_HEADER = YES;
				GCC_PREFIX_HEADER = "WaterChat/WaterChat-Prefix.pch";
				INFOPLIST_FILE = "WaterChat/WaterChat-Info.plist";
				PRODUCT_NAME = "$(TARGET_NAME)";
				WRAPPER_EXTENSION = app;
			};
			name = Debug;
		};
		B2DF128519AAE9DF00285F79 /* Release */ = {
			isa = XCBuildConfiguration;
			buildSettings = {
				ASSETCATALOG_COMPILER_APPICON_NAME = AppIcon;
				ASSETCATALOG_COMPILER_LAUNCHIMAGE_NAME = LaunchImage;
				GCC_PRECOMPILE_PREFIX_HEADER = YES;
				GCC_PREFIX_HEADER = "WaterChat/WaterChat-Prefix.pch";
				INFOPLIST_FILE = "WaterChat/WaterChat-Info.plist";
				PRODUCT_NAME = "$(TARGET_NAME)";
				WRAPPER_EXTENSION = app;
			};
			name = Release;
		};
		B2DF128719AAE9DF00285F79 /* Debug */ = {
			isa = XCBuildConfiguration;
			buildSettings = {
				BUNDLE_LOADER = "$(BUILT_PRODUCTS_DIR)/WaterChat.app/WaterChat";
				FRAMEWORK_SEARCH_PATHS = (
					"$(SDKROOT)/Developer/Library/Frameworks",
					"$(inherited)",
					"$(DEVELOPER_FRAMEWORKS_DIR)",
				);
				GCC_PRECOMPILE_PREFIX_HEADER = YES;
				GCC_PREFIX_HEADER = "WaterChat/WaterChat-Prefix.pch";
				GCC_PREPROCESSOR_DEFINITIONS = (
					"DEBUG=1",
					"$(inherited)",
				);
				INFOPLIST_FILE = "WaterChatTests/WaterChatTests-Info.plist";
				PRODUCT_NAME = "$(TARGET_NAME)";
				TEST_HOST = "$(BUNDLE_LOADER)";
				WRAPPER_EXTENSION = xctest;
			};
			name = Debug;
		};
		B2DF128819AAE9DF00285F79 /* Release */ = {
			isa = XCBuildConfiguration;
			buildSettings = {
				BUNDLE_LOADER = "$(BUILT_PRODUCTS_DIR)/WaterChat.app/WaterChat";
				FRAMEWORK_SEARCH_PATHS = (
					"$(SDKROOT)/Developer/Library/Frameworks",
					"$(inherited)",
					"$(DEVELOPER_FRAMEWORKS_DIR)",
				);
				GCC_PRECOMPILE_PREFIX_HEADER = YES;
				GCC_PREFIX_HEADER = "WaterChat/WaterChat-Prefix.pch";
				INFOPLIST_FILE = "WaterChatTests/WaterChatTests-Info.plist";
				PRODUCT_NAME = "$(TARGET_NAME)";
				TEST_HOST = "$(BUNDLE_LOADER)";
				WRAPPER_EXTENSION = xctest;
			};
			name = Release;
		};
/* End XCBuildConfiguration section */

/* Begin XCConfigurationList section */
		B2DF124919AAE9DF00285F79 /* Build configuration list for PBXProject "WaterChat" */ = {
			isa = XCConfigurationList;
			buildConfigurations = (
				B2DF128119AAE9DF00285F79 /* Debug */,
				B2DF128219AAE9DF00285F79 /* Release */,
			);
			defaultConfigurationIsVisible = 0;
			defaultConfigurationName = Release;
		};
		B2DF128319AAE9DF00285F79 /* Build configuration list for PBXNativeTarget "WaterChat" */ = {
			isa = XCConfigurationList;
			buildConfigurations = (
				B2DF128419AAE9DF00285F79 /* Debug */,
				B2DF128519AAE9DF00285F79 /* Release */,
			);
			defaultConfigurationIsVisible = 0;
			defaultConfigurationName = Release;
		};
		B2DF128619AAE9DF00285F79 /* Build configuration list for PBXNativeTarget "WaterChatTests" */ = {
			isa = XCConfigurationList;
			buildConfigurations = (
				B2DF128719AAE9DF00285F79 /* Debug */,
				B2DF128819AAE9DF00285F79 /* Release */,
			);
			defaultConfigurationIsVisible = 0;
			defaultConfigurationName = Release;
		};
/* End XCConfigurationList section */
	};
	rootObject = B2DF124619AAE9DF00285F79 /* Project object */;
}
